// !$*UTF8*$!
{
	archiveVersion = 1;
	classes = {
	};
	objectVersion = 56;
	objects = {

/* Begin PBXBuildFile section */
		88DC6A262C0021B400B94489 /* HarryPotterTriviaApp.swift in Sources */ = {isa = PBXBuildFile; fileRef = 88DC6A252C0021B400B94489 /* HarryPotterTriviaApp.swift */; };
		88DC6A282C0021B400B94489 /* ContentView.swift in Sources */ = {isa = PBXBuildFile; fileRef = 88DC6A272C0021B400B94489 /* ContentView.swift */; };
		88DC6A2A2C0021B500B94489 /* Assets.xcassets in Resources */ = {isa = PBXBuildFile; fileRef = 88DC6A292C0021B500B94489 /* Assets.xcassets */; };
		88DC6A2D2C0021B500B94489 /* Preview Assets.xcassets in Resources */ = {isa = PBXBuildFile; fileRef = 88DC6A2C2C0021B500B94489 /* Preview Assets.xcassets */; };
		88DC6A342C0024A500B94489 /* trivia.json in Resources */ = {isa = PBXBuildFile; fileRef = 88DC6A332C0024A500B94489 /* trivia.json */; };
		88DC6A3D2C0024BA00B94489 /* spellcraft.mp3 in Resources */ = {isa = PBXBuildFile; fileRef = 88DC6A352C0024B900B94489 /* spellcraft.mp3 */; };
		88DC6A3E2C0024BA00B94489 /* hiding-place-in-the-forest.mp3 in Resources */ = {isa = PBXBuildFile; fileRef = 88DC6A362C0024B900B94489 /* hiding-place-in-the-forest.mp3 */; };
		88DC6A3F2C0024BA00B94489 /* magic-in-the-air.mp3 in Resources */ = {isa = PBXBuildFile; fileRef = 88DC6A372C0024BA00B94489 /* magic-in-the-air.mp3 */; };
		88DC6A402C0024BA00B94489 /* deep-in-the-dell.mp3 in Resources */ = {isa = PBXBuildFile; fileRef = 88DC6A382C0024BA00B94489 /* deep-in-the-dell.mp3 */; };
		88DC6A412C0024BA00B94489 /* let-the-mystery-unfold.mp3 in Resources */ = {isa = PBXBuildFile; fileRef = 88DC6A392C0024BA00B94489 /* let-the-mystery-unfold.mp3 */; };
		88DC6A422C0024BA00B94489 /* negative-beeps.mp3 in Resources */ = {isa = PBXBuildFile; fileRef = 88DC6A3A2C0024BA00B94489 /* negative-beeps.mp3 */; };
		88DC6A432C0024BA00B94489 /* page-flip.mp3 in Resources */ = {isa = PBXBuildFile; fileRef = 88DC6A3B2C0024BA00B94489 /* page-flip.mp3 */; };
		88DC6A442C0024BA00B94489 /* magic-wand.mp3 in Resources */ = {isa = PBXBuildFile; fileRef = 88DC6A3C2C0024BA00B94489 /* magic-wand.mp3 */; };
/* End PBXBuildFile section */

/* Begin PBXFileReference section */
		88DC6A222C0021B400B94489 /* HarryPotterTrivia.app */ = {isa = PBXFileReference; explicitFileType = wrapper.application; includeInIndex = 0; path = HarryPotterTrivia.app; sourceTree = BUILT_PRODUCTS_DIR; };
		88DC6A252C0021B400B94489 /* HarryPotterTriviaApp.swift */ = {isa = PBXFileReference; lastKnownFileType = sourcecode.swift; path = HarryPotterTriviaApp.swift; sourceTree = "<group>"; };
		88DC6A272C0021B400B94489 /* ContentView.swift */ = {isa = PBXFileReference; lastKnownFileType = sourcecode.swift; path = ContentView.swift; sourceTree = "<group>"; };
		88DC6A292C0021B500B94489 /* Assets.xcassets */ = {isa = PBXFileReference; lastKnownFileType = folder.assetcatalog; path = Assets.xcassets; sourceTree = "<group>"; };
		88DC6A2C2C0021B500B94489 /* Preview Assets.xcassets */ = {isa = PBXFileReference; lastKnownFileType = folder.assetcatalog; path = "Preview Assets.xcassets"; sourceTree = "<group>"; };
		88DC6A332C0024A500B94489 /* trivia.json */ = {isa = PBXFileReference; fileEncoding = 4; lastKnownFileType = text.json; path = trivia.json; sourceTree = "<group>"; };
		88DC6A352C0024B900B94489 /* spellcraft.mp3 */ = {isa = PBXFileReference; lastKnownFileType = audio.mp3; path = spellcraft.mp3; sourceTree = "<group>"; };
		88DC6A362C0024B900B94489 /* hiding-place-in-the-forest.mp3 */ = {isa = PBXFileReference; lastKnownFileType = audio.mp3; path = "hiding-place-in-the-forest.mp3"; sourceTree = "<group>"; };
		88DC6A372C0024BA00B94489 /* magic-in-the-air.mp3 */ = {isa = PBXFileReference; lastKnownFileType = audio.mp3; path = "magic-in-the-air.mp3"; sourceTree = "<group>"; };
		88DC6A382C0024BA00B94489 /* deep-in-the-dell.mp3 */ = {isa = PBXFileReference; lastKnownFileType = audio.mp3; path = "deep-in-the-dell.mp3"; sourceTree = "<group>"; };
		88DC6A392C0024BA00B94489 /* let-the-mystery-unfold.mp3 */ = {isa = PBXFileReference; lastKnownFileType = audio.mp3; path = "let-the-mystery-unfold.mp3"; sourceTree = "<group>"; };
		88DC6A3A2C0024BA00B94489 /* negative-beeps.mp3 */ = {isa = PBXFileReference; lastKnownFileType = audio.mp3; path = "negative-beeps.mp3"; sourceTree = "<group>"; };
		88DC6A3B2C0024BA00B94489 /* page-flip.mp3 */ = {isa = PBXFileReference; lastKnownFileType = audio.mp3; path = "page-flip.mp3"; sourceTree = "<group>"; };
		88DC6A3C2C0024BA00B94489 /* magic-wand.mp3 */ = {isa = PBXFileReference; lastKnownFileType = audio.mp3; path = "magic-wand.mp3"; sourceTree = "<group>"; };
/* End PBXFileReference section */

/* Begin PBXFrameworksBuildPhase section */
		88DC6A1F2C0021B400B94489 /* Frameworks */ = {
			isa = PBXFrameworksBuildPhase;
			buildActionMask = 2147483647;
			files = (
			);
			runOnlyForDeploymentPostprocessing = 0;
		};
/* End PBXFrameworksBuildPhase section */

/* Begin PBXGroup section */
		88DC6A192C0021B400B94489 = {
			isa = PBXGroup;
			children = (
				88DC6A242C0021B400B94489 /* HarryPotterTrivia */,
				88DC6A232C0021B400B94489 /* Products */,
			);
			sourceTree = "<group>";
		};
		88DC6A232C0021B400B94489 /* Products */ = {
			isa = PBXGroup;
			children = (
				88DC6A222C0021B400B94489 /* HarryPotterTrivia.app */,
			);
			name = Products;
			sourceTree = "<group>";
		};
		88DC6A242C0021B400B94489 /* HarryPotterTrivia */ = {
			isa = PBXGroup;
			children = (
				88DC6A252C0021B400B94489 /* HarryPotterTriviaApp.swift */,
				88DC6A272C0021B400B94489 /* ContentView.swift */,
				88DC6A292C0021B500B94489 /* Assets.xcassets */,
				88DC6A382C0024BA00B94489 /* deep-in-the-dell.mp3 */,
				88DC6A362C0024B900B94489 /* hiding-place-in-the-forest.mp3 */,
				88DC6A392C0024BA00B94489 /* let-the-mystery-unfold.mp3 */,
				88DC6A372C0024BA00B94489 /* magic-in-the-air.mp3 */,
				88DC6A3C2C0024BA00B94489 /* magic-wand.mp3 */,
				88DC6A3A2C0024BA00B94489 /* negative-beeps.mp3 */,
				88DC6A3B2C0024BA00B94489 /* page-flip.mp3 */,
				88DC6A352C0024B900B94489 /* spellcraft.mp3 */,
				88DC6A332C0024A500B94489 /* trivia.json */,
				88DC6A2B2C0021B500B94489 /* Preview Content */,
			);
			path = HarryPotterTrivia;
			sourceTree = "<group>";
		};
		88DC6A2B2C0021B500B94489 /* Preview Content */ = {
			isa = PBXGroup;
			children = (
				88DC6A2C2C0021B500B94489 /* Preview Assets.xcassets */,
			);
			path = "Preview Content";
			sourceTree = "<group>";
		};
/* End PBXGroup section */

/* Begin PBXNativeTarget section */
		88DC6A212C0021B400B94489 /* HarryPotterTrivia */ = {
			isa = PBXNativeTarget;
			buildConfigurationList = 88DC6A302C0021B500B94489 /* Build configuration list for PBXNativeTarget "HarryPotterTrivia" */;
			buildPhases = (
				88DC6A1E2C0021B400B94489 /* Sources */,
				88DC6A1F2C0021B400B94489 /* Frameworks */,
				88DC6A202C0021B400B94489 /* Resources */,
			);
			buildRules = (
			);
			dependencies = (
			);
			name = HarryPotterTrivia;
			productName = HarryPotterTrivia;
			productReference = 88DC6A222C0021B400B94489 /* HarryPotterTrivia.app */;
			productType = "com.apple.product-type.application";
		};
/* End PBXNativeTarget section */

/* Begin PBXProject section */
		88DC6A1A2C0021B400B94489 /* Project object */ = {
			isa = PBXProject;
			attributes = {
				BuildIndependentTargetsInParallel = 1;
				LastSwiftUpdateCheck = 1540;
				LastUpgradeCheck = 1540;
				TargetAttributes = {
					88DC6A212C0021B400B94489 = {
						CreatedOnToolsVersion = 15.4;
					};
				};
			};
			buildConfigurationList = 88DC6A1D2C0021B400B94489 /* Build configuration list for PBXProject "HarryPotterTrivia" */;
			compatibilityVersion = "Xcode 14.0";
			developmentRegion = en;
			hasScannedForEncodings = 0;
			knownRegions = (
				en,
				Base,
			);
			mainGroup = 88DC6A192C0021B400B94489;
			productRefGroup = 88DC6A232C0021B400B94489 /* Products */;
			projectDirPath = "";
			projectRoot = "";
			targets = (
				88DC6A212C0021B400B94489 /* HarryPotterTrivia */,
			);
		};
/* End PBXProject section */

/* Begin PBXResourcesBuildPhase section */
		88DC6A202C0021B400B94489 /* Resources */ = {
			isa = PBXResourcesBuildPhase;
			buildActionMask = 2147483647;
			files = (
				88DC6A3D2C0024BA00B94489 /* spellcraft.mp3 in Resources */,
				88DC6A442C0024BA00B94489 /* magic-wand.mp3 in Resources */,
				88DC6A2D2C0021B500B94489 /* Preview Assets.xcassets in Resources */,
				88DC6A422C0024BA00B94489 /* negative-beeps.mp3 in Resources */,
				88DC6A412C0024BA00B94489 /* let-the-mystery-unfold.mp3 in Resources */,
				88DC6A3F2C0024BA00B94489 /* magic-in-the-air.mp3 in Resources */,
				88DC6A2A2C0021B500B94489 /* Assets.xcassets in Resources */,
				88DC6A3E2C0024BA00B94489 /* hiding-place-in-the-forest.mp3 in Resources */,
				88DC6A402C0024BA00B94489 /* deep-in-the-dell.mp3 in Resources */,
				88DC6A432C0024BA00B94489 /* page-flip.mp3 in Resources */,
				88DC6A342C0024A500B94489 /* trivia.json in Resources */,
			);
			runOnlyForDeploymentPostprocessing = 0;
		};
/* End PBXResourcesBuildPhase section */

/* Begin PBXSourcesBuildPhase section */
		88DC6A1E2C0021B400B94489 /* Sources */ = {
			isa = PBXSourcesBuildPhase;
			buildActionMask = 2147483647;
			files = (
				88DC6A282C0021B400B94489 /* ContentView.swift in Sources */,
				88DC6A262C0021B400B94489 /* HarryPotterTriviaApp.swift in Sources */,
			);
			runOnlyForDeploymentPostprocessing = 0;
		};
/* End PBXSourcesBuildPhase section */

/* Begin XCBuildConfiguration section */
		88DC6A2E2C0021B500B94489 /* Debug */ = {
			isa = XCBuildConfiguration;
			buildSettings = {
				ALWAYS_SEARCH_USER_PATHS = NO;
				ASSETCATALOG_COMPILER_GENERATE_SWIFT_ASSET_SYMBOL_EXTENSIONS = YES;
				CLANG_ANALYZER_NONNULL = YES;
				CLANG_ANALYZER_NUMBER_OBJECT_CONVERSION = YES_AGGRESSIVE;
				CLANG_CXX_LANGUAGE_STANDARD = "gnu++20";
				CLANG_ENABLE_MODULES = YES;
				CLANG_ENABLE_OBJC_ARC = YES;
				CLANG_ENABLE_OBJC_WEAK = YES;
				CLANG_WARN_BLOCK_CAPTURE_AUTORELEASING = YES;
				CLANG_WARN_BOOL_CONVERSION = YES;
				CLANG_WARN_COMMA = YES;
				CLANG_WARN_CONSTANT_CONVERSION = YES;
				CLANG_WARN_DEPRECATED_OBJC_IMPLEMENTATIONS = YES;
				CLANG_WARN_DIRECT_OBJC_ISA_USAGE = YES_ERROR;
				CLANG_WARN_DOCUMENTATION_COMMENTS = YES;
				CLANG_WARN_EMPTY_BODY = YES;
				CLANG_WARN_ENUM_CONVERSION = YES;
				CLANG_WARN_INFINITE_RECURSION = YES;
				CLANG_WARN_INT_CONVERSION = YES;
				CLANG_WARN_NON_LITERAL_NULL_CONVERSION = YES;
				CLANG_WARN_OBJC_IMPLICIT_RETAIN_SELF = YES;
				CLANG_WARN_OBJC_LITERAL_CONVERSION = YES;
				CLANG_WARN_OBJC_ROOT_CLASS = YES_ERROR;
				CLANG_WARN_QUOTED_INCLUDE_IN_FRAMEWORK_HEADER = YES;
				CLANG_WARN_RANGE_LOOP_ANALYSIS = YES;
				CLANG_WARN_STRICT_PROTOTYPES = YES;
				CLANG_WARN_SUSPICIOUS_MOVE = YES;
				CLANG_WARN_UNGUARDED_AVAILABILITY = YES_AGGRESSIVE;
				CLANG_WARN_UNREACHABLE_CODE = YES;
				CLANG_WARN__DUPLICATE_METHOD_MATCH = YES;
				COPY_PHASE_STRIP = NO;
				DEBUG_INFORMATION_FORMAT = dwarf;
				ENABLE_STRICT_OBJC_MSGSEND = YES;
				ENABLE_TESTABILITY = YES;
				ENABLE_USER_SCRIPT_SANDBOXING = YES;
				GCC_C_LANGUAGE_STANDARD = gnu17;
				GCC_DYNAMIC_NO_PIC = NO;
				GCC_NO_COMMON_BLOCKS = YES;
				GCC_OPTIMIZATION_LEVEL = 0;
				GCC_PREPROCESSOR_DEFINITIONS = (
					"DEBUG=1",
					"$(inherited)",
				);
				GCC_WARN_64_TO_32_BIT_CONVERSION = YES;
				GCC_WARN_ABOUT_RETURN_TYPE = YES_ERROR;
				GCC_WARN_UNDECLARED_SELECTOR = YES;
				GCC_WARN_UNINITIALIZED_AUTOS = YES_AGGRESSIVE;
				GCC_WARN_UNUSED_FUNCTION = YES;
				GCC_WARN_UNUSED_VARIABLE = YES;
				IPHONEOS_DEPLOYMENT_TARGET = 17.5;
				LOCALIZATION_PREFERS_STRING_CATALOGS = YES;
				MTL_ENABLE_DEBUG_INFO = INCLUDE_SOURCE;
				MTL_FAST_MATH = YES;
				ONLY_ACTIVE_ARCH = YES;
				SDKROOT = iphoneos;
				SWIFT_ACTIVE_COMPILATION_CONDITIONS = "DEBUG $(inherited)";
				SWIFT_OPTIMIZATION_LEVEL = "-Onone";
			};
			name = Debug;
		};
		88DC6A2F2C0021B500B94489 /* Release */ = {
			isa = XCBuildConfiguration;
			buildSettings = {
				ALWAYS_SEARCH_USER_PATHS = NO;
				ASSETCATALOG_COMPILER_GENERATE_SWIFT_ASSET_SYMBOL_EXTENSIONS = YES;
				CLANG_ANALYZER_NONNULL = YES;
				CLANG_ANALYZER_NUMBER_OBJECT_CONVERSION = YES_AGGRESSIVE;
				CLANG_CXX_LANGUAGE_STANDARD = "gnu++20";
				CLANG_ENABLE_MODULES = YES;
				CLANG_ENABLE_OBJC_ARC = YES;
				CLANG_ENABLE_OBJC_WEAK = YES;
				CLANG_WARN_BLOCK_CAPTURE_AUTORELEASING = YES;
				CLANG_WARN_BOOL_CONVERSION = YES;
				CLANG_WARN_COMMA = YES;
				CLANG_WARN_CONSTANT_CONVERSION = YES;
				CLANG_WARN_DEPRECATED_OBJC_IMPLEMENTATIONS = YES;
				CLANG_WARN_DIRECT_OBJC_ISA_USAGE = YES_ERROR;
				CLANG_WARN_DOCUMENTATION_COMMENTS = YES;
				CLANG_WARN_EMPTY_BODY = YES;
				CLANG_WARN_ENUM_CONVERSION = YES;
				CLANG_WARN_INFINITE_RECURSION = YES;
				CLANG_WARN_INT_CONVERSION = YES;
				CLANG_WARN_NON_LITERAL_NULL_CONVERSION = YES;
				CLANG_WARN_OBJC_IMPLICIT_RETAIN_SELF = YES;
				CLANG_WARN_OBJC_LITERAL_CONVERSION = YES;
				CLANG_WARN_OBJC_ROOT_CLASS = YES_ERROR;
				CLANG_WARN_QUOTED_INCLUDE_IN_FRAMEWORK_HEADER = YES;
				CLANG_WARN_RANGE_LOOP_ANALYSIS = YES;
				CLANG_WARN_STRICT_PROTOTYPES = YES;
				CLANG_WARN_SUSPICIOUS_MOVE = YES;
				CLANG_WARN_UNGUARDED_AVAILABILITY = YES_AGGRESSIVE;
				CLANG_WARN_UNREACHABLE_CODE = YES;
				CLANG_WARN__DUPLICATE_METHOD_MATCH = YES;
				COPY_PHASE_STRIP = NO;
				DEBUG_INFORMATION_FORMAT = "dwarf-with-dsym";
				ENABLE_NS_ASSERTIONS = NO;
				ENABLE_STRICT_OBJC_MSGSEND = YES;
				ENABLE_USER_SCRIPT_SANDBOXING = YES;
				GCC_C_LANGUAGE_STANDARD = gnu17;
				GCC_NO_COMMON_BLOCKS = YES;
				GCC_WARN_64_TO_32_BIT_CONVERSION = YES;
				GCC_WARN_ABOUT_RETURN_TYPE = YES_ERROR;
				GCC_WARN_UNDECLARED_SELECTOR = YES;
				GCC_WARN_UNINITIALIZED_AUTOS = YES_AGGRESSIVE;
				GCC_WARN_UNUSED_FUNCTION = YES;
				GCC_WARN_UNUSED_VARIABLE = YES;
				IPHONEOS_DEPLOYMENT_TARGET = 17.5;
				LOCALIZATION_PREFERS_STRING_CATALOGS = YES;
				MTL_ENABLE_DEBUG_INFO = NO;
				MTL_FAST_MATH = YES;
				SDKROOT = iphoneos;
				SWIFT_COMPILATION_MODE = wholemodule;
				VALIDATE_PRODUCT = YES;
			};
			name = Release;
		};
		88DC6A312C0021B500B94489 /* Debug */ = {
			isa = XCBuildConfiguration;
			buildSettings = {
				ASSETCATALOG_COMPILER_APPICON_NAME = AppIcon;
				ASSETCATALOG_COMPILER_GLOBAL_ACCENT_COLOR_NAME = AccentColor;
				CODE_SIGN_STYLE = Automatic;
				CURRENT_PROJECT_VERSION = 1;
				DEVELOPMENT_ASSET_PATHS = "\"HarryPotterTrivia/Preview Content\"";
				DEVELOPMENT_TEAM = P24C4Q2J2Y;
				ENABLE_PREVIEWS = YES;
				GENERATE_INFOPLIST_FILE = YES;
				INFOPLIST_KEY_UIApplicationSceneManifest_Generation = YES;
				INFOPLIST_KEY_UIApplicationSupportsIndirectInputEvents = YES;
				INFOPLIST_KEY_UILaunchScreen_Generation = YES;
				INFOPLIST_KEY_UISupportedInterfaceOrientations_iPad = "UIInterfaceOrientationPortrait UIInterfaceOrientationPortraitUpsideDown UIInterfaceOrientationLandscapeLeft UIInterfaceOrientationLandscapeRight";
				INFOPLIST_KEY_UISupportedInterfaceOrientations_iPhone = "UIInterfaceOrientationPortrait UIInterfaceOrientationLandscapeLeft UIInterfaceOrientationLandscapeRight";
				LD_RUNPATH_SEARCH_PATHS = (
					"$(inherited)",
					"@executable_path/Frameworks",
				);
				MARKETING_VERSION = 1.0;
				PRODUCT_BUNDLE_IDENTIFIER = com.nunomendonca.HarryPotterTrivia;
				PRODUCT_NAME = "$(TARGET_NAME)";
				SWIFT_EMIT_LOC_STRINGS = YES;
				SWIFT_VERSION = 5.0;
				TARGETED_DEVICE_FAMILY = "1,2";
			};
			name = Debug;
		};
		88DC6A322C0021B500B94489 /* Release */ = {
			isa = XCBuildConfiguration;
			buildSettings = {
				ASSETCATALOG_COMPILER_APPICON_NAME = AppIcon;
				ASSETCATALOG_COMPILER_GLOBAL_ACCENT_COLOR_NAME = AccentColor;
				CODE_SIGN_STYLE = Automatic;
				CURRENT_PROJECT_VERSION = 1;
				DEVELOPMENT_ASSET_PATHS = "\"HarryPotterTrivia/Preview Content\"";
				DEVELOPMENT_TEAM = P24C4Q2J2Y;
				ENABLE_PREVIEWS = YES;
				GENERATE_INFOPLIST_FILE = YES;
				INFOPLIST_KEY_UIApplicationSceneManifest_Generation = YES;
				INFOPLIST_KEY_UIApplicationSupportsIndirectInputEvents = YES;
				INFOPLIST_KEY_UILaunchScreen_Generation = YES;
				INFOPLIST_KEY_UISupportedInterfaceOrientations_iPad = "UIInterfaceOrientationPortrait UIInterfaceOrientationPortraitUpsideDown UIInterfaceOrientationLandscapeLeft UIInterfaceOrientationLandscapeRight";
				INFOPLIST_KEY_UISupportedInterfaceOrientations_iPhone = "UIInterfaceOrientationPortrait UIInterfaceOrientationLandscapeLeft UIInterfaceOrientationLandscapeRight";
				LD_RUNPATH_SEARCH_PATHS = (
					"$(inherited)",
					"@executable_path/Frameworks",
				);
				MARKETING_VERSION = 1.0;
				PRODUCT_BUNDLE_IDENTIFIER = com.nunomendonca.HarryPotterTrivia;
				PRODUCT_NAME = "$(TARGET_NAME)";
				SWIFT_EMIT_LOC_STRINGS = YES;
				SWIFT_VERSION = 5.0;
				TARGETED_DEVICE_FAMILY = "1,2";
			};
			name = Release;
		};
/* End XCBuildConfiguration section */

/* Begin XCConfigurationList section */
		88DC6A1D2C0021B400B94489 /* Build configuration list for PBXProject "HarryPotterTrivia" */ = {
			isa = XCConfigurationList;
			buildConfigurations = (
				88DC6A2E2C0021B500B94489 /* Debug */,
				88DC6A2F2C0021B500B94489 /* Release */,
			);
			defaultConfigurationIsVisible = 0;
			defaultConfigurationName = Release;
		};
		88DC6A302C0021B500B94489 /* Build configuration list for PBXNativeTarget "HarryPotterTrivia" */ = {
			isa = XCConfigurationList;
			buildConfigurations = (
				88DC6A312C0021B500B94489 /* Debug */,
				88DC6A322C0021B500B94489 /* Release */,
			);
			defaultConfigurationIsVisible = 0;
			defaultConfigurationName = Release;
		};
/* End XCConfigurationList section */
	};
	rootObject = 88DC6A1A2C0021B400B94489 /* Project object */;
}
